
Microsoft Visual Studio Solution File, Format Version 12.00
# Visual Studio Version 17
VisualStudioVersion = 17.6.33723.286
MinimumVisualStudioVersion = 10.0.40219.1
Project("{FAE04EC0-301F-11D3-BF4B-00C04F79EFBC}") = "ScraperPuppet", "ScraperPuppet\ScraperPuppet.csproj", "{61B77989-D4D7-4D53-88F6-A7058CEE5D30}"
EndProject
Global
	GlobalSection(SolutionConfigurationPlatforms) = preSolution
		Debug|Any CPU = Debug|Any CPU
		Release|Any CPU = Release|Any CPU
	EndGlobalSection
	GlobalSection(ProjectConfigurationPlatforms) = postSolution
		{61B77989-D4D7-4D53-88F6-A7058CEE5D30}.Debug|Any CPU.ActiveCfg = Debug|Any CPU
		{61B77989-D4D7-4D53-88F6-A7058CEE5D30}.Debug|Any CPU.Build.0 = Debug|Any CPU
		{61B77989-D4D7-4D53-88F6-A7058CEE5D30}.Release|Any CPU.ActiveCfg = Release|Any CPU
		{61B77989-D4D7-4D53-88F6-A7058CEE5D30}.Release|Any CPU.Build.0 = Release|Any CPU
	EndGlobalSection
	GlobalSection(SolutionProperties) = preSolution
		HideSolutionNode = FALSE
	EndGlobalSection
	GlobalSection(ExtensibilityGlobals) = postSolution
		SolutionGuid = {21AAD8CA-538F-493D-B350-21383884135D}
	EndGlobalSection
EndGlobal
